
Microsoft Visual Studio Solution File, Format Version 12.00
# Visual Studio Version 16
VisualStudioVersion = 16.0.30523.141
MinimumVisualStudioVersion = 10.0.40219.1
Project("{FAE04EC0-301F-11D3-BF4B-00C04F79EFBC}") = "volume_cube_task_2", "volume_cube_task_2\volume_cube_task_2.csproj", "{BE752A17-C7AE-493F-93F4-F14E0C446B1D}"
EndProject
Global
	GlobalSection(SolutionConfigurationPlatforms) = preSolution
		Debug|Any CPU = Debug|Any CPU
		Release|Any CPU = Release|Any CPU
	EndGlobalSection
	GlobalSection(ProjectConfigurationPlatforms) = postSolution
		{BE752A17-C7AE-493F-93F4-F14E0C446B1D}.Debug|Any CPU.ActiveCfg = Debug|Any CPU
		{BE752A17-C7AE-493F-93F4-F14E0C446B1D}.Debug|Any CPU.Build.0 = Debug|Any CPU
		{BE752A17-C7AE-493F-93F4-F14E0C446B1D}.Release|Any CPU.ActiveCfg = Release|Any CPU
		{BE752A17-C7AE-493F-93F4-F14E0C446B1D}.Release|Any CPU.Build.0 = Release|Any CPU
	EndGlobalSection
	GlobalSection(SolutionProperties) = preSolution
		HideSolutionNode = FALSE
	EndGlobalSection
	GlobalSection(ExtensibilityGlobals) = postSolution
		SolutionGuid = {045AC18A-8111-4FB0-A5E0-DD99530CAFDE}
	EndGlobalSection
EndGlobal
