
Microsoft Visual Studio Solution File, Format Version 12.00
# Visual Studio Version 16
VisualStudioVersion = 16.0.30523.141
MinimumVisualStudioVersion = 10.0.40219.1
Project("{FAE04EC0-301F-11D3-BF4B-00C04F79EFBC}") = "task_6", "task_6\task_6.csproj", "{70627F26-5E70-4836-8B92-7DC643737745}"
EndProject
Global
	GlobalSection(SolutionConfigurationPlatforms) = preSolution
		Debug|Any CPU = Debug|Any CPU
		Release|Any CPU = Release|Any CPU
	EndGlobalSection
	GlobalSection(ProjectConfigurationPlatforms) = postSolution
		{70627F26-5E70-4836-8B92-7DC643737745}.Debug|Any CPU.ActiveCfg = Debug|Any CPU
		{70627F26-5E70-4836-8B92-7DC643737745}.Debug|Any CPU.Build.0 = Debug|Any CPU
		{70627F26-5E70-4836-8B92-7DC643737745}.Release|Any CPU.ActiveCfg = Release|Any CPU
		{70627F26-5E70-4836-8B92-7DC643737745}.Release|Any CPU.Build.0 = Release|Any CPU
	EndGlobalSection
	GlobalSection(SolutionProperties) = preSolution
		HideSolutionNode = FALSE
	EndGlobalSection
	GlobalSection(ExtensibilityGlobals) = postSolution
		SolutionGuid = {70B6CCE4-24F1-4E9D-A84B-477EF6CED0B7}
	EndGlobalSection
EndGlobal
