
Microsoft Visual Studio Solution File, Format Version 12.00
# Visual Studio Version 16
VisualStudioVersion = 16.0.30523.141
MinimumVisualStudioVersion = 10.0.40219.1
Project("{FAE04EC0-301F-11D3-BF4B-00C04F79EFBC}") = "task3", "task3\task3.csproj", "{5A0B1AF1-FAFF-4C23-B57E-F8C954FA2F52}"
EndProject
Global
	GlobalSection(SolutionConfigurationPlatforms) = preSolution
		Debug|Any CPU = Debug|Any CPU
		Release|Any CPU = Release|Any CPU
	EndGlobalSection
	GlobalSection(ProjectConfigurationPlatforms) = postSolution
		{5A0B1AF1-FAFF-4C23-B57E-F8C954FA2F52}.Debug|Any CPU.ActiveCfg = Debug|Any CPU
		{5A0B1AF1-FAFF-4C23-B57E-F8C954FA2F52}.Debug|Any CPU.Build.0 = Debug|Any CPU
		{5A0B1AF1-FAFF-4C23-B57E-F8C954FA2F52}.Release|Any CPU.ActiveCfg = Release|Any CPU
		{5A0B1AF1-FAFF-4C23-B57E-F8C954FA2F52}.Release|Any CPU.Build.0 = Release|Any CPU
	EndGlobalSection
	GlobalSection(SolutionProperties) = preSolution
		HideSolutionNode = FALSE
	EndGlobalSection
	GlobalSection(ExtensibilityGlobals) = postSolution
		SolutionGuid = {F937D7D4-8A27-4BC9-A0CE-6F6966AF767D}
	EndGlobalSection
EndGlobal
