
Microsoft Visual Studio Solution File, Format Version 12.00
# Visual Studio Version 16
VisualStudioVersion = 16.0.30523.141
MinimumVisualStudioVersion = 10.0.40219.1
Project("{FAE04EC0-301F-11D3-BF4B-00C04F79EFBC}") = "task1", "task1\task1.csproj", "{47DAC1EB-A5E3-4FF1-AADD-C0B008181A74}"
EndProject
Global
	GlobalSection(SolutionConfigurationPlatforms) = preSolution
		Debug|Any CPU = Debug|Any CPU
		Release|Any CPU = Release|Any CPU
	EndGlobalSection
	GlobalSection(ProjectConfigurationPlatforms) = postSolution
		{47DAC1EB-A5E3-4FF1-AADD-C0B008181A74}.Debug|Any CPU.ActiveCfg = Debug|Any CPU
		{47DAC1EB-A5E3-4FF1-AADD-C0B008181A74}.Debug|Any CPU.Build.0 = Debug|Any CPU
		{47DAC1EB-A5E3-4FF1-AADD-C0B008181A74}.Release|Any CPU.ActiveCfg = Release|Any CPU
		{47DAC1EB-A5E3-4FF1-AADD-C0B008181A74}.Release|Any CPU.Build.0 = Release|Any CPU
	EndGlobalSection
	GlobalSection(SolutionProperties) = preSolution
		HideSolutionNode = FALSE
	EndGlobalSection
	GlobalSection(ExtensibilityGlobals) = postSolution
		SolutionGuid = {1170C610-5C3D-48D1-8BF6-BAB619B0A2F0}
	EndGlobalSection
EndGlobal
