
Microsoft Visual Studio Solution File, Format Version 12.00
# Visual Studio Version 16
VisualStudioVersion = 16.0.30523.141
MinimumVisualStudioVersion = 10.0.40219.1
Project("{FAE04EC0-301F-11D3-BF4B-00C04F79EFBC}") = "task1", "task1\task1.csproj", "{24F4158E-645E-4391-B46C-384DB5EDA934}"
EndProject
Global
	GlobalSection(SolutionConfigurationPlatforms) = preSolution
		Debug|Any CPU = Debug|Any CPU
		Release|Any CPU = Release|Any CPU
	EndGlobalSection
	GlobalSection(ProjectConfigurationPlatforms) = postSolution
		{24F4158E-645E-4391-B46C-384DB5EDA934}.Debug|Any CPU.ActiveCfg = Debug|Any CPU
		{24F4158E-645E-4391-B46C-384DB5EDA934}.Debug|Any CPU.Build.0 = Debug|Any CPU
		{24F4158E-645E-4391-B46C-384DB5EDA934}.Release|Any CPU.ActiveCfg = Release|Any CPU
		{24F4158E-645E-4391-B46C-384DB5EDA934}.Release|Any CPU.Build.0 = Release|Any CPU
	EndGlobalSection
	GlobalSection(SolutionProperties) = preSolution
		HideSolutionNode = FALSE
	EndGlobalSection
	GlobalSection(ExtensibilityGlobals) = postSolution
		SolutionGuid = {F4EDABA4-F01B-4E0B-B0F3-1269C9A92F29}
	EndGlobalSection
EndGlobal
