
Microsoft Visual Studio Solution File, Format Version 12.00
# Visual Studio Version 16
VisualStudioVersion = 16.0.30523.141
MinimumVisualStudioVersion = 10.0.40219.1
Project("{FAE04EC0-301F-11D3-BF4B-00C04F79EFBC}") = "task2", "task2\task2.csproj", "{B8CA5F24-4B1B-4CD0-BDD0-478B366F7859}"
EndProject
Global
	GlobalSection(SolutionConfigurationPlatforms) = preSolution
		Debug|Any CPU = Debug|Any CPU
		Release|Any CPU = Release|Any CPU
	EndGlobalSection
	GlobalSection(ProjectConfigurationPlatforms) = postSolution
		{B8CA5F24-4B1B-4CD0-BDD0-478B366F7859}.Debug|Any CPU.ActiveCfg = Debug|Any CPU
		{B8CA5F24-4B1B-4CD0-BDD0-478B366F7859}.Debug|Any CPU.Build.0 = Debug|Any CPU
		{B8CA5F24-4B1B-4CD0-BDD0-478B366F7859}.Release|Any CPU.ActiveCfg = Release|Any CPU
		{B8CA5F24-4B1B-4CD0-BDD0-478B366F7859}.Release|Any CPU.Build.0 = Release|Any CPU
	EndGlobalSection
	GlobalSection(SolutionProperties) = preSolution
		HideSolutionNode = FALSE
	EndGlobalSection
	GlobalSection(ExtensibilityGlobals) = postSolution
		SolutionGuid = {FE35CE54-5F31-408E-83B0-B9E789893A20}
	EndGlobalSection
EndGlobal
