
Microsoft Visual Studio Solution File, Format Version 12.00
# Visual Studio Version 16
VisualStudioVersion = 16.0.30523.141
MinimumVisualStudioVersion = 10.0.40219.1
Project("{FAE04EC0-301F-11D3-BF4B-00C04F79EFBC}") = "task3", "task3\task3.csproj", "{91D23F50-1F22-4586-8C66-8C558EB35C96}"
EndProject
Global
	GlobalSection(SolutionConfigurationPlatforms) = preSolution
		Debug|Any CPU = Debug|Any CPU
		Release|Any CPU = Release|Any CPU
	EndGlobalSection
	GlobalSection(ProjectConfigurationPlatforms) = postSolution
		{91D23F50-1F22-4586-8C66-8C558EB35C96}.Debug|Any CPU.ActiveCfg = Debug|Any CPU
		{91D23F50-1F22-4586-8C66-8C558EB35C96}.Debug|Any CPU.Build.0 = Debug|Any CPU
		{91D23F50-1F22-4586-8C66-8C558EB35C96}.Release|Any CPU.ActiveCfg = Release|Any CPU
		{91D23F50-1F22-4586-8C66-8C558EB35C96}.Release|Any CPU.Build.0 = Release|Any CPU
	EndGlobalSection
	GlobalSection(SolutionProperties) = preSolution
		HideSolutionNode = FALSE
	EndGlobalSection
	GlobalSection(ExtensibilityGlobals) = postSolution
		SolutionGuid = {F3F6EFCF-8427-48C8-8B1B-3BC5AB0ABBA3}
	EndGlobalSection
EndGlobal
