
Microsoft Visual Studio Solution File, Format Version 12.00
# Visual Studio Version 16
VisualStudioVersion = 16.0.30523.141
MinimumVisualStudioVersion = 10.0.40219.1
Project("{FAE04EC0-301F-11D3-BF4B-00C04F79EFBC}") = "task1", "task1\task1.csproj", "{71F923E8-53EE-4736-AFEE-625BEF261D06}"
EndProject
Global
	GlobalSection(SolutionConfigurationPlatforms) = preSolution
		Debug|Any CPU = Debug|Any CPU
		Release|Any CPU = Release|Any CPU
	EndGlobalSection
	GlobalSection(ProjectConfigurationPlatforms) = postSolution
		{71F923E8-53EE-4736-AFEE-625BEF261D06}.Debug|Any CPU.ActiveCfg = Debug|Any CPU
		{71F923E8-53EE-4736-AFEE-625BEF261D06}.Debug|Any CPU.Build.0 = Debug|Any CPU
		{71F923E8-53EE-4736-AFEE-625BEF261D06}.Release|Any CPU.ActiveCfg = Release|Any CPU
		{71F923E8-53EE-4736-AFEE-625BEF261D06}.Release|Any CPU.Build.0 = Release|Any CPU
	EndGlobalSection
	GlobalSection(SolutionProperties) = preSolution
		HideSolutionNode = FALSE
	EndGlobalSection
	GlobalSection(ExtensibilityGlobals) = postSolution
		SolutionGuid = {C3B10F53-8284-4871-9A3A-7AB707E59A98}
	EndGlobalSection
EndGlobal
