
Microsoft Visual Studio Solution File, Format Version 12.00
# Visual Studio Version 16
VisualStudioVersion = 16.0.30523.141
MinimumVisualStudioVersion = 10.0.40219.1
Project("{FAE04EC0-301F-11D3-BF4B-00C04F79EFBC}") = "task1", "task1\task1.csproj", "{A0FF8C2D-F286-4D7B-82BD-A56C7636669A}"
EndProject
Global
	GlobalSection(SolutionConfigurationPlatforms) = preSolution
		Debug|Any CPU = Debug|Any CPU
		Release|Any CPU = Release|Any CPU
	EndGlobalSection
	GlobalSection(ProjectConfigurationPlatforms) = postSolution
		{A0FF8C2D-F286-4D7B-82BD-A56C7636669A}.Debug|Any CPU.ActiveCfg = Debug|Any CPU
		{A0FF8C2D-F286-4D7B-82BD-A56C7636669A}.Debug|Any CPU.Build.0 = Debug|Any CPU
		{A0FF8C2D-F286-4D7B-82BD-A56C7636669A}.Release|Any CPU.ActiveCfg = Release|Any CPU
		{A0FF8C2D-F286-4D7B-82BD-A56C7636669A}.Release|Any CPU.Build.0 = Release|Any CPU
	EndGlobalSection
	GlobalSection(SolutionProperties) = preSolution
		HideSolutionNode = FALSE
	EndGlobalSection
	GlobalSection(ExtensibilityGlobals) = postSolution
		SolutionGuid = {BA316376-9594-4CBC-ABED-B1357871BB20}
	EndGlobalSection
EndGlobal
